
Microsoft Visual Studio Solution File, Format Version 12.00
# Visual Studio 14
VisualStudioVersion = 14.0.25420.1
MinimumVisualStudioVersion = 10.0.40219.1
Project("{FAE04EC0-301F-11D3-BF4B-00C04F79EFBC}") = "kuOpenCVSharpTest", "kuOpenCVSharpTest\kuOpenCVSharpTest.csproj", "{8DA56210-C8EB-4E9D-91D0-9A6FE135962A}"
EndProject
Project("{8BC9CEB8-8B4A-11D0-8D11-00A0C91BC942}") = "kuOpenCVWRCCpp", "kuOpenCVWRCCpp\kuOpenCVWRCCpp.vcxproj", "{C191AC43-1FCB-4CC4-946D-77191DEDDFBE}"
EndProject
Project("{FAE04EC0-301F-11D3-BF4B-00C04F79EFBC}") = "kuOpenCVSharp", "kuOpenCVSharp\kuOpenCVSharp.csproj", "{ADEA7F13-A8AE-49DE-9A6C-100D814F765F}"
EndProject
Global
	GlobalSection(SolutionConfigurationPlatforms) = preSolution
		Debug|Any CPU = Debug|Any CPU
		Debug|ARM = Debug|ARM
		Debug|x64 = Debug|x64
		Debug|x86 = Debug|x86
		Release|Any CPU = Release|Any CPU
		Release|ARM = Release|ARM
		Release|x64 = Release|x64
		Release|x86 = Release|x86
	EndGlobalSection
	GlobalSection(ProjectConfigurationPlatforms) = postSolution
		{8DA56210-C8EB-4E9D-91D0-9A6FE135962A}.Debug|Any CPU.ActiveCfg = Debug|x86
		{8DA56210-C8EB-4E9D-91D0-9A6FE135962A}.Debug|ARM.ActiveCfg = Debug|ARM
		{8DA56210-C8EB-4E9D-91D0-9A6FE135962A}.Debug|ARM.Build.0 = Debug|ARM
		{8DA56210-C8EB-4E9D-91D0-9A6FE135962A}.Debug|ARM.Deploy.0 = Debug|ARM
		{8DA56210-C8EB-4E9D-91D0-9A6FE135962A}.Debug|x64.ActiveCfg = Debug|x64
		{8DA56210-C8EB-4E9D-91D0-9A6FE135962A}.Debug|x64.Build.0 = Debug|x64
		{8DA56210-C8EB-4E9D-91D0-9A6FE135962A}.Debug|x64.Deploy.0 = Debug|x64
		{8DA56210-C8EB-4E9D-91D0-9A6FE135962A}.Debug|x86.ActiveCfg = Debug|x86
		{8DA56210-C8EB-4E9D-91D0-9A6FE135962A}.Debug|x86.Build.0 = Debug|x86
		{8DA56210-C8EB-4E9D-91D0-9A6FE135962A}.Debug|x86.Deploy.0 = Debug|x86
		{8DA56210-C8EB-4E9D-91D0-9A6FE135962A}.Release|Any CPU.ActiveCfg = Release|x86
		{8DA56210-C8EB-4E9D-91D0-9A6FE135962A}.Release|ARM.ActiveCfg = Release|ARM
		{8DA56210-C8EB-4E9D-91D0-9A6FE135962A}.Release|ARM.Build.0 = Release|ARM
		{8DA56210-C8EB-4E9D-91D0-9A6FE135962A}.Release|ARM.Deploy.0 = Release|ARM
		{8DA56210-C8EB-4E9D-91D0-9A6FE135962A}.Release|x64.ActiveCfg = Release|x64
		{8DA56210-C8EB-4E9D-91D0-9A6FE135962A}.Release|x64.Build.0 = Release|x64
		{8DA56210-C8EB-4E9D-91D0-9A6FE135962A}.Release|x64.Deploy.0 = Release|x64
		{8DA56210-C8EB-4E9D-91D0-9A6FE135962A}.Release|x86.ActiveCfg = Release|x86
		{8DA56210-C8EB-4E9D-91D0-9A6FE135962A}.Release|x86.Build.0 = Release|x86
		{8DA56210-C8EB-4E9D-91D0-9A6FE135962A}.Release|x86.Deploy.0 = Release|x86
		{C191AC43-1FCB-4CC4-946D-77191DEDDFBE}.Debug|Any CPU.ActiveCfg = Debug|Win32
		{C191AC43-1FCB-4CC4-946D-77191DEDDFBE}.Debug|ARM.ActiveCfg = Debug|ARM
		{C191AC43-1FCB-4CC4-946D-77191DEDDFBE}.Debug|ARM.Build.0 = Debug|ARM
		{C191AC43-1FCB-4CC4-946D-77191DEDDFBE}.Debug|x64.ActiveCfg = Debug|x64
		{C191AC43-1FCB-4CC4-946D-77191DEDDFBE}.Debug|x64.Build.0 = Debug|x64
		{C191AC43-1FCB-4CC4-946D-77191DEDDFBE}.Debug|x86.ActiveCfg = Debug|Win32
		{C191AC43-1FCB-4CC4-946D-77191DEDDFBE}.Debug|x86.Build.0 = Debug|Win32
		{C191AC43-1FCB-4CC4-946D-77191DEDDFBE}.Release|Any CPU.ActiveCfg = Release|Win32
		{C191AC43-1FCB-4CC4-946D-77191DEDDFBE}.Release|ARM.ActiveCfg = Release|ARM
		{C191AC43-1FCB-4CC4-946D-77191DEDDFBE}.Release|ARM.Build.0 = Release|ARM
		{C191AC43-1FCB-4CC4-946D-77191DEDDFBE}.Release|x64.ActiveCfg = Release|x64
		{C191AC43-1FCB-4CC4-946D-77191DEDDFBE}.Release|x64.Build.0 = Release|x64
		{C191AC43-1FCB-4CC4-946D-77191DEDDFBE}.Release|x86.ActiveCfg = Release|Win32
		{C191AC43-1FCB-4CC4-946D-77191DEDDFBE}.Release|x86.Build.0 = Release|Win32
		{ADEA7F13-A8AE-49DE-9A6C-100D814F765F}.Debug|Any CPU.ActiveCfg = Debug|Any CPU
		{ADEA7F13-A8AE-49DE-9A6C-100D814F765F}.Debug|Any CPU.Build.0 = Debug|Any CPU
		{ADEA7F13-A8AE-49DE-9A6C-100D814F765F}.Debug|ARM.ActiveCfg = Debug|ARM
		{ADEA7F13-A8AE-49DE-9A6C-100D814F765F}.Debug|ARM.Build.0 = Debug|ARM
		{ADEA7F13-A8AE-49DE-9A6C-100D814F765F}.Debug|x64.ActiveCfg = Debug|x64
		{ADEA7F13-A8AE-49DE-9A6C-100D814F765F}.Debug|x64.Build.0 = Debug|x64
		{ADEA7F13-A8AE-49DE-9A6C-100D814F765F}.Debug|x86.ActiveCfg = Debug|x86
		{ADEA7F13-A8AE-49DE-9A6C-100D814F765F}.Debug|x86.Build.0 = Debug|x86
		{ADEA7F13-A8AE-49DE-9A6C-100D814F765F}.Release|Any CPU.ActiveCfg = Release|Any CPU
		{ADEA7F13-A8AE-49DE-9A6C-100D814F765F}.Release|Any CPU.Build.0 = Release|Any CPU
		{ADEA7F13-A8AE-49DE-9A6C-100D814F765F}.Release|ARM.ActiveCfg = Release|ARM
		{ADEA7F13-A8AE-49DE-9A6C-100D814F765F}.Release|ARM.Build.0 = Release|ARM
		{ADEA7F13-A8AE-49DE-9A6C-100D814F765F}.Release|x64.ActiveCfg = Release|x64
		{ADEA7F13-A8AE-49DE-9A6C-100D814F765F}.Release|x64.Build.0 = Release|x64
		{ADEA7F13-A8AE-49DE-9A6C-100D814F765F}.Release|x86.ActiveCfg = Release|x86
		{ADEA7F13-A8AE-49DE-9A6C-100D814F765F}.Release|x86.Build.0 = Release|x86
	EndGlobalSection
	GlobalSection(SolutionProperties) = preSolution
		HideSolutionNode = FALSE
	EndGlobalSection
EndGlobal
